
Microsoft Visual Studio Solution File, Format Version 12.00
# Visual Studio Version 17
VisualStudioVersion = 17.2.32630.192
MinimumVisualStudioVersion = 10.0.40219.1
Project("{FAE04EC0-301F-11D3-BF4B-00C04F79EFBC}") = "4204D5_S09_labo09", "4204D5_S09_labo09.csproj", "{9101F73E-5378-4DDC-8CCF-B7B1E292B510}"
EndProject
Global
	GlobalSection(SolutionConfigurationPlatforms) = preSolution
		Debug|Any CPU = Debug|Any CPU
		Release|Any CPU = Release|Any CPU
	EndGlobalSection
	GlobalSection(ProjectConfigurationPlatforms) = postSolution
		{9101F73E-5378-4DDC-8CCF-B7B1E292B510}.Debug|Any CPU.ActiveCfg = Debug|Any CPU
		{9101F73E-5378-4DDC-8CCF-B7B1E292B510}.Debug|Any CPU.Build.0 = Debug|Any CPU
		{9101F73E-5378-4DDC-8CCF-B7B1E292B510}.Release|Any CPU.ActiveCfg = Release|Any CPU
		{9101F73E-5378-4DDC-8CCF-B7B1E292B510}.Release|Any CPU.Build.0 = Release|Any CPU
	EndGlobalSection
	GlobalSection(SolutionProperties) = preSolution
		HideSolutionNode = FALSE
	EndGlobalSection
	GlobalSection(ExtensibilityGlobals) = postSolution
		SolutionGuid = {878E20A2-6859-468B-B3F0-303FA20A2E2A}
	EndGlobalSection
EndGlobal
